// !$*UTF8*$!
{
	archiveVersion = 1;
	classes = {
	};
	objectVersion = 56;
	objects = {

/* Begin PBXBuildFile section */
		CA5597B02A627CB20046A63A /* Messenger_SwiftUIApp.swift in Sources */ = {isa = PBXBuildFile; fileRef = CA5597AF2A627CB20046A63A /* Messenger_SwiftUIApp.swift */; };
		CA5597B22A627CB20046A63A /* ContentView.swift in Sources */ = {isa = PBXBuildFile; fileRef = CA5597B12A627CB20046A63A /* ContentView.swift */; };
		CA5597B42A627CB50046A63A /* Assets.xcassets in Resources */ = {isa = PBXBuildFile; fileRef = CA5597B32A627CB50046A63A /* Assets.xcassets */; };
		CA5597B72A627CB50046A63A /* Preview Assets.xcassets in Resources */ = {isa = PBXBuildFile; fileRef = CA5597B62A627CB50046A63A /* Preview Assets.xcassets */; };
		CA5597C12A627CB50046A63A /* Messenger_SwiftUITests.swift in Sources */ = {isa = PBXBuildFile; fileRef = CA5597C02A627CB50046A63A /* Messenger_SwiftUITests.swift */; };
		CA5597CB2A627CB50046A63A /* Messenger_SwiftUIUITests.swift in Sources */ = {isa = PBXBuildFile; fileRef = CA5597CA2A627CB50046A63A /* Messenger_SwiftUIUITests.swift */; };
		CA5597CD2A627CB50046A63A /* Messenger_SwiftUIUITestsLaunchTests.swift in Sources */ = {isa = PBXBuildFile; fileRef = CA5597CC2A627CB50046A63A /* Messenger_SwiftUIUITestsLaunchTests.swift */; };
		CA5597DF2A627E3F0046A63A /* LoginView.swift in Sources */ = {isa = PBXBuildFile; fileRef = CA5597DE2A627E3F0046A63A /* LoginView.swift */; };
		CA5597E22A63152B0046A63A /* Color+Extension.swift in Sources */ = {isa = PBXBuildFile; fileRef = CA5597E12A63152B0046A63A /* Color+Extension.swift */; };
		CA5597E42A6333440046A63A /* RegistrationView.swift in Sources */ = {isa = PBXBuildFile; fileRef = CA5597E32A6333440046A63A /* RegistrationView.swift */; };
		CA5597E72A63366C0046A63A /* InboxView.swift in Sources */ = {isa = PBXBuildFile; fileRef = CA5597E62A63366C0046A63A /* InboxView.swift */; };
		CA5597E92A6337A40046A63A /* InboxRowView.swift in Sources */ = {isa = PBXBuildFile; fileRef = CA5597E82A6337A40046A63A /* InboxRowView.swift */; };
		CA5597EB2A6337BC0046A63A /* ActiveNowView.swift in Sources */ = {isa = PBXBuildFile; fileRef = CA5597EA2A6337BC0046A63A /* ActiveNowView.swift */; };
		CA5597ED2A633BFB0046A63A /* Constants.swift in Sources */ = {isa = PBXBuildFile; fileRef = CA5597EC2A633BFB0046A63A /* Constants.swift */; };
		CA5597EF2A633E4F0046A63A /* NewMessageView.swift in Sources */ = {isa = PBXBuildFile; fileRef = CA5597EE2A633E4F0046A63A /* NewMessageView.swift */; };
		CA5597F32A6349400046A63A /* SettingsOptionsViewModel.swift in Sources */ = {isa = PBXBuildFile; fileRef = CA5597F22A6349400046A63A /* SettingsOptionsViewModel.swift */; };
		CA5597F52A634A8C0046A63A /* ProfileView.swift in Sources */ = {isa = PBXBuildFile; fileRef = CA5597F42A634A8C0046A63A /* ProfileView.swift */; };
/* End PBXBuildFile section */

/* Begin PBXContainerItemProxy section */
		CA5597BD2A627CB50046A63A /* PBXContainerItemProxy */ = {
			isa = PBXContainerItemProxy;
			containerPortal = CA5597A42A627CB20046A63A /* Project object */;
			proxyType = 1;
			remoteGlobalIDString = CA5597AB2A627CB20046A63A;
			remoteInfo = "Messenger-SwiftUI";
		};
		CA5597C72A627CB50046A63A /* PBXContainerItemProxy */ = {
			isa = PBXContainerItemProxy;
			containerPortal = CA5597A42A627CB20046A63A /* Project object */;
			proxyType = 1;
			remoteGlobalIDString = CA5597AB2A627CB20046A63A;
			remoteInfo = "Messenger-SwiftUI";
		};
/* End PBXContainerItemProxy section */

/* Begin PBXFileReference section */
		CA5597AC2A627CB20046A63A /* Messenger-SwiftUI.app */ = {isa = PBXFileReference; explicitFileType = wrapper.application; includeInIndex = 0; path = "Messenger-SwiftUI.app"; sourceTree = BUILT_PRODUCTS_DIR; };
		CA5597AF2A627CB20046A63A /* Messenger_SwiftUIApp.swift */ = {isa = PBXFileReference; lastKnownFileType = sourcecode.swift; path = Messenger_SwiftUIApp.swift; sourceTree = "<group>"; };
		CA5597B12A627CB20046A63A /* ContentView.swift */ = {isa = PBXFileReference; lastKnownFileType = sourcecode.swift; path = ContentView.swift; sourceTree = "<group>"; };
		CA5597B32A627CB50046A63A /* Assets.xcassets */ = {isa = PBXFileReference; lastKnownFileType = folder.assetcatalog; path = Assets.xcassets; sourceTree = "<group>"; };
		CA5597B62A627CB50046A63A /* Preview Assets.xcassets */ = {isa = PBXFileReference; lastKnownFileType = folder.assetcatalog; path = "Preview Assets.xcassets"; sourceTree = "<group>"; };
		CA5597BC2A627CB50046A63A /* Messenger-SwiftUITests.xctest */ = {isa = PBXFileReference; explicitFileType = wrapper.cfbundle; includeInIndex = 0; path = "Messenger-SwiftUITests.xctest"; sourceTree = BUILT_PRODUCTS_DIR; };
		CA5597C02A627CB50046A63A /* Messenger_SwiftUITests.swift */ = {isa = PBXFileReference; lastKnownFileType = sourcecode.swift; path = Messenger_SwiftUITests.swift; sourceTree = "<group>"; };
		CA5597C62A627CB50046A63A /* Messenger-SwiftUIUITests.xctest */ = {isa = PBXFileReference; explicitFileType = wrapper.cfbundle; includeInIndex = 0; path = "Messenger-SwiftUIUITests.xctest"; sourceTree = BUILT_PRODUCTS_DIR; };
		CA5597CA2A627CB50046A63A /* Messenger_SwiftUIUITests.swift */ = {isa = PBXFileReference; lastKnownFileType = sourcecode.swift; path = Messenger_SwiftUIUITests.swift; sourceTree = "<group>"; };
		CA5597CC2A627CB50046A63A /* Messenger_SwiftUIUITestsLaunchTests.swift */ = {isa = PBXFileReference; lastKnownFileType = sourcecode.swift; path = Messenger_SwiftUIUITestsLaunchTests.swift; sourceTree = "<group>"; };
		CA5597DE2A627E3F0046A63A /* LoginView.swift */ = {isa = PBXFileReference; lastKnownFileType = sourcecode.swift; path = LoginView.swift; sourceTree = "<group>"; };
		CA5597E12A63152B0046A63A /* Color+Extension.swift */ = {isa = PBXFileReference; lastKnownFileType = sourcecode.swift; path = "Color+Extension.swift"; sourceTree = "<group>"; };
		CA5597E32A6333440046A63A /* RegistrationView.swift */ = {isa = PBXFileReference; lastKnownFileType = sourcecode.swift; path = RegistrationView.swift; sourceTree = "<group>"; };
		CA5597E62A63366C0046A63A /* InboxView.swift */ = {isa = PBXFileReference; lastKnownFileType = sourcecode.swift; path = InboxView.swift; sourceTree = "<group>"; };
		CA5597E82A6337A40046A63A /* InboxRowView.swift */ = {isa = PBXFileReference; lastKnownFileType = sourcecode.swift; path = InboxRowView.swift; sourceTree = "<group>"; };
		CA5597EA2A6337BC0046A63A /* ActiveNowView.swift */ = {isa = PBXFileReference; lastKnownFileType = sourcecode.swift; path = ActiveNowView.swift; sourceTree = "<group>"; };
		CA5597EC2A633BFB0046A63A /* Constants.swift */ = {isa = PBXFileReference; lastKnownFileType = sourcecode.swift; path = Constants.swift; sourceTree = "<group>"; };
		CA5597EE2A633E4F0046A63A /* NewMessageView.swift */ = {isa = PBXFileReference; lastKnownFileType = sourcecode.swift; path = NewMessageView.swift; sourceTree = "<group>"; };
		CA5597F22A6349400046A63A /* SettingsOptionsViewModel.swift */ = {isa = PBXFileReference; lastKnownFileType = sourcecode.swift; path = SettingsOptionsViewModel.swift; sourceTree = "<group>"; };
		CA5597F42A634A8C0046A63A /* ProfileView.swift */ = {isa = PBXFileReference; lastKnownFileType = sourcecode.swift; path = ProfileView.swift; sourceTree = "<group>"; };
/* End PBXFileReference section */

/* Begin PBXFrameworksBuildPhase section */
		CA5597A92A627CB20046A63A /* Frameworks */ = {
			isa = PBXFrameworksBuildPhase;
			buildActionMask = 2147483647;
			files = (
			);
			runOnlyForDeploymentPostprocessing = 0;
		};
		CA5597B92A627CB50046A63A /* Frameworks */ = {
			isa = PBXFrameworksBuildPhase;
			buildActionMask = 2147483647;
			files = (
			);
			runOnlyForDeploymentPostprocessing = 0;
		};
		CA5597C32A627CB50046A63A /* Frameworks */ = {
			isa = PBXFrameworksBuildPhase;
			buildActionMask = 2147483647;
			files = (
			);
			runOnlyForDeploymentPostprocessing = 0;
		};
/* End PBXFrameworksBuildPhase section */

/* Begin PBXGroup section */
		CA5597A32A627CB20046A63A = {
			isa = PBXGroup;
			children = (
				CA5597AE2A627CB20046A63A /* Messenger-SwiftUI */,
				CA5597BF2A627CB50046A63A /* Messenger-SwiftUITests */,
				CA5597C92A627CB50046A63A /* Messenger-SwiftUIUITests */,
				CA5597AD2A627CB20046A63A /* Products */,
			);
			sourceTree = "<group>";
		};
		CA5597AD2A627CB20046A63A /* Products */ = {
			isa = PBXGroup;
			children = (
				CA5597AC2A627CB20046A63A /* Messenger-SwiftUI.app */,
				CA5597BC2A627CB50046A63A /* Messenger-SwiftUITests.xctest */,
				CA5597C62A627CB50046A63A /* Messenger-SwiftUIUITests.xctest */,
			);
			name = Products;
			sourceTree = "<group>";
		};
		CA5597AE2A627CB20046A63A /* Messenger-SwiftUI */ = {
			isa = PBXGroup;
			children = (
				CA5597E02A6314F00046A63A /* Extensions */,
				CA5597DC2A627CCA0046A63A /* Model */,
				CA5597DA2A627CC10046A63A /* ViewModel */,
				CA5597D92A627CBB0046A63A /* View */,
				CA5597AF2A627CB20046A63A /* Messenger_SwiftUIApp.swift */,
				CA5597B12A627CB20046A63A /* ContentView.swift */,
				CA5597B32A627CB50046A63A /* Assets.xcassets */,
				CA5597B52A627CB50046A63A /* Preview Content */,
			);
			path = "Messenger-SwiftUI";
			sourceTree = "<group>";
		};
		CA5597B52A627CB50046A63A /* Preview Content */ = {
			isa = PBXGroup;
			children = (
				CA5597B62A627CB50046A63A /* Preview Assets.xcassets */,
			);
			path = "Preview Content";
			sourceTree = "<group>";
		};
		CA5597BF2A627CB50046A63A /* Messenger-SwiftUITests */ = {
			isa = PBXGroup;
			children = (
				CA5597C02A627CB50046A63A /* Messenger_SwiftUITests.swift */,
			);
			path = "Messenger-SwiftUITests";
			sourceTree = "<group>";
		};
		CA5597C92A627CB50046A63A /* Messenger-SwiftUIUITests */ = {
			isa = PBXGroup;
			children = (
				CA5597CA2A627CB50046A63A /* Messenger_SwiftUIUITests.swift */,
				CA5597CC2A627CB50046A63A /* Messenger_SwiftUIUITestsLaunchTests.swift */,
			);
			path = "Messenger-SwiftUIUITests";
			sourceTree = "<group>";
		};
		CA5597D92A627CBB0046A63A /* View */ = {
			isa = PBXGroup;
			children = (
				CA5597F02A6348ED0046A63A /* Profile */,
				CA5597DD2A627E2E0046A63A /* Authenticate */,
				CA5597E52A6336580046A63A /* Inbox */,
			);
			path = View;
			sourceTree = "<group>";
		};
		CA5597DA2A627CC10046A63A /* ViewModel */ = {
			isa = PBXGroup;
			children = (
				CA5597F12A6349270046A63A /* Profile */,
			);
			path = ViewModel;
			sourceTree = "<group>";
		};
		CA5597DC2A627CCA0046A63A /* Model */ = {
			isa = PBXGroup;
			children = (
			);
			path = Model;
			sourceTree = "<group>";
		};
		CA5597DD2A627E2E0046A63A /* Authenticate */ = {
			isa = PBXGroup;
			children = (
				CA5597DE2A627E3F0046A63A /* LoginView.swift */,
				CA5597E32A6333440046A63A /* RegistrationView.swift */,
			);
			path = Authenticate;
			sourceTree = "<group>";
		};
		CA5597E02A6314F00046A63A /* Extensions */ = {
			isa = PBXGroup;
			children = (
				CA5597E12A63152B0046A63A /* Color+Extension.swift */,
				CA5597EC2A633BFB0046A63A /* Constants.swift */,
			);
			path = Extensions;
			sourceTree = "<group>";
		};
		CA5597E52A6336580046A63A /* Inbox */ = {
			isa = PBXGroup;
			children = (
				CA5597E62A63366C0046A63A /* InboxView.swift */,
				CA5597E82A6337A40046A63A /* InboxRowView.swift */,
				CA5597EA2A6337BC0046A63A /* ActiveNowView.swift */,
				CA5597EE2A633E4F0046A63A /* NewMessageView.swift */,
			);
			path = Inbox;
			sourceTree = "<group>";
		};
		CA5597F02A6348ED0046A63A /* Profile */ = {
			isa = PBXGroup;
			children = (
				CA5597F42A634A8C0046A63A /* ProfileView.swift */,
			);
			path = Profile;
			sourceTree = "<group>";
		};
		CA5597F12A6349270046A63A /* Profile */ = {
			isa = PBXGroup;
			children = (
				CA5597F22A6349400046A63A /* SettingsOptionsViewModel.swift */,
			);
			path = Profile;
			sourceTree = "<group>";
		};
/* End PBXGroup section */

/* Begin PBXNativeTarget section */
		CA5597AB2A627CB20046A63A /* Messenger-SwiftUI */ = {
			isa = PBXNativeTarget;
			buildConfigurationList = CA5597D02A627CB50046A63A /* Build configuration list for PBXNativeTarget "Messenger-SwiftUI" */;
			buildPhases = (
				CA5597A82A627CB20046A63A /* Sources */,
				CA5597A92A627CB20046A63A /* Frameworks */,
				CA5597AA2A627CB20046A63A /* Resources */,
			);
			buildRules = (
			);
			dependencies = (
			);
			name = "Messenger-SwiftUI";
			productName = "Messenger-SwiftUI";
			productReference = CA5597AC2A627CB20046A63A /* Messenger-SwiftUI.app */;
			productType = "com.apple.product-type.application";
		};
		CA5597BB2A627CB50046A63A /* Messenger-SwiftUITests */ = {
			isa = PBXNativeTarget;
			buildConfigurationList = CA5597D32A627CB50046A63A /* Build configuration list for PBXNativeTarget "Messenger-SwiftUITests" */;
			buildPhases = (
				CA5597B82A627CB50046A63A /* Sources */,
				CA5597B92A627CB50046A63A /* Frameworks */,
				CA5597BA2A627CB50046A63A /* Resources */,
			);
			buildRules = (
			);
			dependencies = (
				CA5597BE2A627CB50046A63A /* PBXTargetDependency */,
			);
			name = "Messenger-SwiftUITests";
			productName = "Messenger-SwiftUITests";
			productReference = CA5597BC2A627CB50046A63A /* Messenger-SwiftUITests.xctest */;
			productType = "com.apple.product-type.bundle.unit-test";
		};
		CA5597C52A627CB50046A63A /* Messenger-SwiftUIUITests */ = {
			isa = PBXNativeTarget;
			buildConfigurationList = CA5597D62A627CB50046A63A /* Build configuration list for PBXNativeTarget "Messenger-SwiftUIUITests" */;
			buildPhases = (
				CA5597C22A627CB50046A63A /* Sources */,
				CA5597C32A627CB50046A63A /* Frameworks */,
				CA5597C42A627CB50046A63A /* Resources */,
			);
			buildRules = (
			);
			dependencies = (
				CA5597C82A627CB50046A63A /* PBXTargetDependency */,
			);
			name = "Messenger-SwiftUIUITests";
			productName = "Messenger-SwiftUIUITests";
			productReference = CA5597C62A627CB50046A63A /* Messenger-SwiftUIUITests.xctest */;
			productType = "com.apple.product-type.bundle.ui-testing";
		};
/* End PBXNativeTarget section */

/* Begin PBXProject section */
		CA5597A42A627CB20046A63A /* Project object */ = {
			isa = PBXProject;
			attributes = {
				BuildIndependentTargetsInParallel = 1;
				LastSwiftUpdateCheck = 1420;
				LastUpgradeCheck = 1420;
				TargetAttributes = {
					CA5597AB2A627CB20046A63A = {
						CreatedOnToolsVersion = 14.2;
					};
					CA5597BB2A627CB50046A63A = {
						CreatedOnToolsVersion = 14.2;
						TestTargetID = CA5597AB2A627CB20046A63A;
					};
					CA5597C52A627CB50046A63A = {
						CreatedOnToolsVersion = 14.2;
						TestTargetID = CA5597AB2A627CB20046A63A;
					};
				};
			};
			buildConfigurationList = CA5597A72A627CB20046A63A /* Build configuration list for PBXProject "Messenger-SwiftUI" */;
			compatibilityVersion = "Xcode 14.0";
			developmentRegion = en;
			hasScannedForEncodings = 0;
			knownRegions = (
				en,
				Base,
			);
			mainGroup = CA5597A32A627CB20046A63A;
			productRefGroup = CA5597AD2A627CB20046A63A /* Products */;
			projectDirPath = "";
			projectRoot = "";
			targets = (
				CA5597AB2A627CB20046A63A /* Messenger-SwiftUI */,
				CA5597BB2A627CB50046A63A /* Messenger-SwiftUITests */,
				CA5597C52A627CB50046A63A /* Messenger-SwiftUIUITests */,
			);
		};
/* End PBXProject section */

/* Begin PBXResourcesBuildPhase section */
		CA5597AA2A627CB20046A63A /* Resources */ = {
			isa = PBXResourcesBuildPhase;
			buildActionMask = 2147483647;
			files = (
				CA5597B72A627CB50046A63A /* Preview Assets.xcassets in Resources */,
				CA5597B42A627CB50046A63A /* Assets.xcassets in Resources */,
			);
			runOnlyForDeploymentPostprocessing = 0;
		};
		CA5597BA2A627CB50046A63A /* Resources */ = {
			isa = PBXResourcesBuildPhase;
			buildActionMask = 2147483647;
			files = (
			);
			runOnlyForDeploymentPostprocessing = 0;
		};
		CA5597C42A627CB50046A63A /* Resources */ = {
			isa = PBXResourcesBuildPhase;
			buildActionMask = 2147483647;
			files = (
			);
			runOnlyForDeploymentPostprocessing = 0;
		};
/* End PBXResourcesBuildPhase section */

/* Begin PBXSourcesBuildPhase section */
		CA5597A82A627CB20046A63A /* Sources */ = {
			isa = PBXSourcesBuildPhase;
			buildActionMask = 2147483647;
			files = (
				CA5597E92A6337A40046A63A /* InboxRowView.swift in Sources */,
				CA5597EB2A6337BC0046A63A /* ActiveNowView.swift in Sources */,
				CA5597DF2A627E3F0046A63A /* LoginView.swift in Sources */,
				CA5597E72A63366C0046A63A /* InboxView.swift in Sources */,
				CA5597F52A634A8C0046A63A /* ProfileView.swift in Sources */,
				CA5597B22A627CB20046A63A /* ContentView.swift in Sources */,
				CA5597B02A627CB20046A63A /* Messenger_SwiftUIApp.swift in Sources */,
				CA5597E22A63152B0046A63A /* Color+Extension.swift in Sources */,
				CA5597E42A6333440046A63A /* RegistrationView.swift in Sources */,
				CA5597ED2A633BFB0046A63A /* Constants.swift in Sources */,
				CA5597F32A6349400046A63A /* SettingsOptionsViewModel.swift in Sources */,
				CA5597EF2A633E4F0046A63A /* NewMessageView.swift in Sources */,
			);
			runOnlyForDeploymentPostprocessing = 0;
		};
		CA5597B82A627CB50046A63A /* Sources */ = {
			isa = PBXSourcesBuildPhase;
			buildActionMask = 2147483647;
			files = (
				CA5597C12A627CB50046A63A /* Messenger_SwiftUITests.swift in Sources */,
			);
			runOnlyForDeploymentPostprocessing = 0;
		};
		CA5597C22A627CB50046A63A /* Sources */ = {
			isa = PBXSourcesBuildPhase;
			buildActionMask = 2147483647;
			files = (
				CA5597CD2A627CB50046A63A /* Messenger_SwiftUIUITestsLaunchTests.swift in Sources */,
				CA5597CB2A627CB50046A63A /* Messenger_SwiftUIUITests.swift in Sources */,
			);
			runOnlyForDeploymentPostprocessing = 0;
		};
/* End PBXSourcesBuildPhase section */

/* Begin PBXTargetDependency section */
		CA5597BE2A627CB50046A63A /* PBXTargetDependency */ = {
			isa = PBXTargetDependency;
			target = CA5597AB2A627CB20046A63A /* Messenger-SwiftUI */;
			targetProxy = CA5597BD2A627CB50046A63A /* PBXContainerItemProxy */;
		};
		CA5597C82A627CB50046A63A /* PBXTargetDependency */ = {
			isa = PBXTargetDependency;
			target = CA5597AB2A627CB20046A63A /* Messenger-SwiftUI */;
			targetProxy = CA5597C72A627CB50046A63A /* PBXContainerItemProxy */;
		};
/* End PBXTargetDependency section */

/* Begin XCBuildConfiguration section */
		CA5597CE2A627CB50046A63A /* Debug */ = {
			isa = XCBuildConfiguration;
			buildSettings = {
				ALWAYS_SEARCH_USER_PATHS = NO;
				CLANG_ANALYZER_NONNULL = YES;
				CLANG_ANALYZER_NUMBER_OBJECT_CONVERSION = YES_AGGRESSIVE;
				CLANG_CXX_LANGUAGE_STANDARD = "gnu++20";
				CLANG_ENABLE_MODULES = YES;
				CLANG_ENABLE_OBJC_ARC = YES;
				CLANG_ENABLE_OBJC_WEAK = YES;
				CLANG_WARN_BLOCK_CAPTURE_AUTORELEASING = YES;
				CLANG_WARN_BOOL_CONVERSION = YES;
				CLANG_WARN_COMMA = YES;
				CLANG_WARN_CONSTANT_CONVERSION = YES;
				CLANG_WARN_DEPRECATED_OBJC_IMPLEMENTATIONS = YES;
				CLANG_WARN_DIRECT_OBJC_ISA_USAGE = YES_ERROR;
				CLANG_WARN_DOCUMENTATION_COMMENTS = YES;
				CLANG_WARN_EMPTY_BODY = YES;
				CLANG_WARN_ENUM_CONVERSION = YES;
				CLANG_WARN_INFINITE_RECURSION = YES;
				CLANG_WARN_INT_CONVERSION = YES;
				CLANG_WARN_NON_LITERAL_NULL_CONVERSION = YES;
				CLANG_WARN_OBJC_IMPLICIT_RETAIN_SELF = YES;
				CLANG_WARN_OBJC_LITERAL_CONVERSION = YES;
				CLANG_WARN_OBJC_ROOT_CLASS = YES_ERROR;
				CLANG_WARN_QUOTED_INCLUDE_IN_FRAMEWORK_HEADER = YES;
				CLANG_WARN_RANGE_LOOP_ANALYSIS = YES;
				CLANG_WARN_STRICT_PROTOTYPES = YES;
				CLANG_WARN_SUSPICIOUS_MOVE = YES;
				CLANG_WARN_UNGUARDED_AVAILABILITY = YES_AGGRESSIVE;
				CLANG_WARN_UNREACHABLE_CODE = YES;
				CLANG_WARN__DUPLICATE_METHOD_MATCH = YES;
				COPY_PHASE_STRIP = NO;
				DEBUG_INFORMATION_FORMAT = dwarf;
				ENABLE_STRICT_OBJC_MSGSEND = YES;
				ENABLE_TESTABILITY = YES;
				GCC_C_LANGUAGE_STANDARD = gnu11;
				GCC_DYNAMIC_NO_PIC = NO;
				GCC_NO_COMMON_BLOCKS = YES;
				GCC_OPTIMIZATION_LEVEL = 0;
				GCC_PREPROCESSOR_DEFINITIONS = (
					"DEBUG=1",
					"$(inherited)",
				);
				GCC_WARN_64_TO_32_BIT_CONVERSION = YES;
				GCC_WARN_ABOUT_RETURN_TYPE = YES_ERROR;
				GCC_WARN_UNDECLARED_SELECTOR = YES;
				GCC_WARN_UNINITIALIZED_AUTOS = YES_AGGRESSIVE;
				GCC_WARN_UNUSED_FUNCTION = YES;
				GCC_WARN_UNUSED_VARIABLE = YES;
				IPHONEOS_DEPLOYMENT_TARGET = 16.2;
				MTL_ENABLE_DEBUG_INFO = INCLUDE_SOURCE;
				MTL_FAST_MATH = YES;
				ONLY_ACTIVE_ARCH = YES;
				SDKROOT = iphoneos;
				SWIFT_ACTIVE_COMPILATION_CONDITIONS = DEBUG;
				SWIFT_OPTIMIZATION_LEVEL = "-Onone";
			};
			name = Debug;
		};
		CA5597CF2A627CB50046A63A /* Release */ = {
			isa = XCBuildConfiguration;
			buildSettings = {
				ALWAYS_SEARCH_USER_PATHS = NO;
				CLANG_ANALYZER_NONNULL = YES;
				CLANG_ANALYZER_NUMBER_OBJECT_CONVERSION = YES_AGGRESSIVE;
				CLANG_CXX_LANGUAGE_STANDARD = "gnu++20";
				CLANG_ENABLE_MODULES = YES;
				CLANG_ENABLE_OBJC_ARC = YES;
				CLANG_ENABLE_OBJC_WEAK = YES;
				CLANG_WARN_BLOCK_CAPTURE_AUTORELEASING = YES;
				CLANG_WARN_BOOL_CONVERSION = YES;
				CLANG_WARN_COMMA = YES;
				CLANG_WARN_CONSTANT_CONVERSION = YES;
				CLANG_WARN_DEPRECATED_OBJC_IMPLEMENTATIONS = YES;
				CLANG_WARN_DIRECT_OBJC_ISA_USAGE = YES_ERROR;
				CLANG_WARN_DOCUMENTATION_COMMENTS = YES;
				CLANG_WARN_EMPTY_BODY = YES;
				CLANG_WARN_ENUM_CONVERSION = YES;
				CLANG_WARN_INFINITE_RECURSION = YES;
				CLANG_WARN_INT_CONVERSION = YES;
				CLANG_WARN_NON_LITERAL_NULL_CONVERSION = YES;
				CLANG_WARN_OBJC_IMPLICIT_RETAIN_SELF = YES;
				CLANG_WARN_OBJC_LITERAL_CONVERSION = YES;
				CLANG_WARN_OBJC_ROOT_CLASS = YES_ERROR;
				CLANG_WARN_QUOTED_INCLUDE_IN_FRAMEWORK_HEADER = YES;
				CLANG_WARN_RANGE_LOOP_ANALYSIS = YES;
				CLANG_WARN_STRICT_PROTOTYPES = YES;
				CLANG_WARN_SUSPICIOUS_MOVE = YES;
				CLANG_WARN_UNGUARDED_AVAILABILITY = YES_AGGRESSIVE;
				CLANG_WARN_UNREACHABLE_CODE = YES;
				CLANG_WARN__DUPLICATE_METHOD_MATCH = YES;
				COPY_PHASE_STRIP = NO;
				DEBUG_INFORMATION_FORMAT = "dwarf-with-dsym";
				ENABLE_NS_ASSERTIONS = NO;
				ENABLE_STRICT_OBJC_MSGSEND = YES;
				GCC_C_LANGUAGE_STANDARD = gnu11;
				GCC_NO_COMMON_BLOCKS = YES;
				GCC_WARN_64_TO_32_BIT_CONVERSION = YES;
				GCC_WARN_ABOUT_RETURN_TYPE = YES_ERROR;
				GCC_WARN_UNDECLARED_SELECTOR = YES;
				GCC_WARN_UNINITIALIZED_AUTOS = YES_AGGRESSIVE;
				GCC_WARN_UNUSED_FUNCTION = YES;
				GCC_WARN_UNUSED_VARIABLE = YES;
				IPHONEOS_DEPLOYMENT_TARGET = 16.2;
				MTL_ENABLE_DEBUG_INFO = NO;
				MTL_FAST_MATH = YES;
				SDKROOT = iphoneos;
				SWIFT_COMPILATION_MODE = wholemodule;
				SWIFT_OPTIMIZATION_LEVEL = "-O";
				VALIDATE_PRODUCT = YES;
			};
			name = Release;
		};
		CA5597D12A627CB50046A63A /* Debug */ = {
			isa = XCBuildConfiguration;
			buildSettings = {
				ASSETCATALOG_COMPILER_APPICON_NAME = AppIcon;
				ASSETCATALOG_COMPILER_GLOBAL_ACCENT_COLOR_NAME = AccentColor;
				CODE_SIGN_STYLE = Automatic;
				CURRENT_PROJECT_VERSION = 1;
				DEVELOPMENT_ASSET_PATHS = "\"Messenger-SwiftUI/Preview Content\"";
				ENABLE_PREVIEWS = YES;
				GENERATE_INFOPLIST_FILE = YES;
				INFOPLIST_KEY_UIApplicationSceneManifest_Generation = YES;
				INFOPLIST_KEY_UIApplicationSupportsIndirectInputEvents = YES;
				INFOPLIST_KEY_UILaunchScreen_Generation = YES;
				INFOPLIST_KEY_UISupportedInterfaceOrientations_iPad = "UIInterfaceOrientationPortrait UIInterfaceOrientationPortraitUpsideDown UIInterfaceOrientationLandscapeLeft UIInterfaceOrientationLandscapeRight";
				INFOPLIST_KEY_UISupportedInterfaceOrientations_iPhone = "UIInterfaceOrientationPortrait UIInterfaceOrientationLandscapeLeft UIInterfaceOrientationLandscapeRight";
				LD_RUNPATH_SEARCH_PATHS = (
					"$(inherited)",
					"@executable_path/Frameworks",
				);
				MARKETING_VERSION = 1.0;
				PRODUCT_BUNDLE_IDENTIFIER = "com.mainguyen.Messenger-SwiftUI";
				PRODUCT_NAME = "$(TARGET_NAME)";
				SWIFT_EMIT_LOC_STRINGS = YES;
				SWIFT_VERSION = 5.0;
				TARGETED_DEVICE_FAMILY = "1,2";
			};
			name = Debug;
		};
		CA5597D22A627CB50046A63A /* Release */ = {
			isa = XCBuildConfiguration;
			buildSettings = {
				ASSETCATALOG_COMPILER_APPICON_NAME = AppIcon;
				ASSETCATALOG_COMPILER_GLOBAL_ACCENT_COLOR_NAME = AccentColor;
				CODE_SIGN_STYLE = Automatic;
				CURRENT_PROJECT_VERSION = 1;
				DEVELOPMENT_ASSET_PATHS = "\"Messenger-SwiftUI/Preview Content\"";
				ENABLE_PREVIEWS = YES;
				GENERATE_INFOPLIST_FILE = YES;
				INFOPLIST_KEY_UIApplicationSceneManifest_Generation = YES;
				INFOPLIST_KEY_UIApplicationSupportsIndirectInputEvents = YES;
				INFOPLIST_KEY_UILaunchScreen_Generation = YES;
				INFOPLIST_KEY_UISupportedInterfaceOrientations_iPad = "UIInterfaceOrientationPortrait UIInterfaceOrientationPortraitUpsideDown UIInterfaceOrientationLandscapeLeft UIInterfaceOrientationLandscapeRight";
				INFOPLIST_KEY_UISupportedInterfaceOrientations_iPhone = "UIInterfaceOrientationPortrait UIInterfaceOrientationLandscapeLeft UIInterfaceOrientationLandscapeRight";
				LD_RUNPATH_SEARCH_PATHS = (
					"$(inherited)",
					"@executable_path/Frameworks",
				);
				MARKETING_VERSION = 1.0;
				PRODUCT_BUNDLE_IDENTIFIER = "com.mainguyen.Messenger-SwiftUI";
				PRODUCT_NAME = "$(TARGET_NAME)";
				SWIFT_EMIT_LOC_STRINGS = YES;
				SWIFT_VERSION = 5.0;
				TARGETED_DEVICE_FAMILY = "1,2";
			};
			name = Release;
		};
		CA5597D42A627CB50046A63A /* Debug */ = {
			isa = XCBuildConfiguration;
			buildSettings = {
				ALWAYS_EMBED_SWIFT_STANDARD_LIBRARIES = YES;
				BUNDLE_LOADER = "$(TEST_HOST)";
				CODE_SIGN_STYLE = Automatic;
				CURRENT_PROJECT_VERSION = 1;
				GENERATE_INFOPLIST_FILE = YES;
				IPHONEOS_DEPLOYMENT_TARGET = 16.2;
				MARKETING_VERSION = 1.0;
				PRODUCT_BUNDLE_IDENTIFIER = "com.mainguyen.Messenger-SwiftUITests";
				PRODUCT_NAME = "$(TARGET_NAME)";
				SWIFT_EMIT_LOC_STRINGS = NO;
				SWIFT_VERSION = 5.0;
				TARGETED_DEVICE_FAMILY = "1,2";
				TEST_HOST = "$(BUILT_PRODUCTS_DIR)/Messenger-SwiftUI.app/$(BUNDLE_EXECUTABLE_FOLDER_PATH)/Messenger-SwiftUI";
			};
			name = Debug;
		};
		CA5597D52A627CB50046A63A /* Release */ = {
			isa = XCBuildConfiguration;
			buildSettings = {
				ALWAYS_EMBED_SWIFT_STANDARD_LIBRARIES = YES;
				BUNDLE_LOADER = "$(TEST_HOST)";
				CODE_SIGN_STYLE = Automatic;
				CURRENT_PROJECT_VERSION = 1;
				GENERATE_INFOPLIST_FILE = YES;
				IPHONEOS_DEPLOYMENT_TARGET = 16.2;
				MARKETING_VERSION = 1.0;
				PRODUCT_BUNDLE_IDENTIFIER = "com.mainguyen.Messenger-SwiftUITests";
				PRODUCT_NAME = "$(TARGET_NAME)";
				SWIFT_EMIT_LOC_STRINGS = NO;
				SWIFT_VERSION = 5.0;
				TARGETED_DEVICE_FAMILY = "1,2";
				TEST_HOST = "$(BUILT_PRODUCTS_DIR)/Messenger-SwiftUI.app/$(BUNDLE_EXECUTABLE_FOLDER_PATH)/Messenger-SwiftUI";
			};
			name = Release;
		};
		CA5597D72A627CB50046A63A /* Debug */ = {
			isa = XCBuildConfiguration;
			buildSettings = {
				ALWAYS_EMBED_SWIFT_STANDARD_LIBRARIES = YES;
				CODE_SIGN_STYLE = Automatic;
				CURRENT_PROJECT_VERSION = 1;
				GENERATE_INFOPLIST_FILE = YES;
				MARKETING_VERSION = 1.0;
				PRODUCT_BUNDLE_IDENTIFIER = "com.mainguyen.Messenger-SwiftUIUITests";
				PRODUCT_NAME = "$(TARGET_NAME)";
				SWIFT_EMIT_LOC_STRINGS = NO;
				SWIFT_VERSION = 5.0;
				TARGETED_DEVICE_FAMILY = "1,2";
				TEST_TARGET_NAME = "Messenger-SwiftUI";
			};
			name = Debug;
		};
		CA5597D82A627CB50046A63A /* Release */ = {
			isa = XCBuildConfiguration;
			buildSettings = {
				ALWAYS_EMBED_SWIFT_STANDARD_LIBRARIES = YES;
				CODE_SIGN_STYLE = Automatic;
				CURRENT_PROJECT_VERSION = 1;
				GENERATE_INFOPLIST_FILE = YES;
				MARKETING_VERSION = 1.0;
				PRODUCT_BUNDLE_IDENTIFIER = "com.mainguyen.Messenger-SwiftUIUITests";
				PRODUCT_NAME = "$(TARGET_NAME)";
				SWIFT_EMIT_LOC_STRINGS = NO;
				SWIFT_VERSION = 5.0;
				TARGETED_DEVICE_FAMILY = "1,2";
				TEST_TARGET_NAME = "Messenger-SwiftUI";
			};
			name = Release;
		};
/* End XCBuildConfiguration section */

/* Begin XCConfigurationList section */
		CA5597A72A627CB20046A63A /* Build configuration list for PBXProject "Messenger-SwiftUI" */ = {
			isa = XCConfigurationList;
			buildConfigurations = (
				CA5597CE2A627CB50046A63A /* Debug */,
				CA5597CF2A627CB50046A63A /* Release */,
			);
			defaultConfigurationIsVisible = 0;
			defaultConfigurationName = Release;
		};
		CA5597D02A627CB50046A63A /* Build configuration list for PBXNativeTarget "Messenger-SwiftUI" */ = {
			isa = XCConfigurationList;
			buildConfigurations = (
				CA5597D12A627CB50046A63A /* Debug */,
				CA5597D22A627CB50046A63A /* Release */,
			);
			defaultConfigurationIsVisible = 0;
			defaultConfigurationName = Release;
		};
		CA5597D32A627CB50046A63A /* Build configuration list for PBXNativeTarget "Messenger-SwiftUITests" */ = {
			isa = XCConfigurationList;
			buildConfigurations = (
				CA5597D42A627CB50046A63A /* Debug */,
				CA5597D52A627CB50046A63A /* Release */,
			);
			defaultConfigurationIsVisible = 0;
			defaultConfigurationName = Release;
		};
		CA5597D62A627CB50046A63A /* Build configuration list for PBXNativeTarget "Messenger-SwiftUIUITests" */ = {
			isa = XCConfigurationList;
			buildConfigurations = (
				CA5597D72A627CB50046A63A /* Debug */,
				CA5597D82A627CB50046A63A /* Release */,
			);
			defaultConfigurationIsVisible = 0;
			defaultConfigurationName = Release;
		};
/* End XCConfigurationList section */
	};
	rootObject = CA5597A42A627CB20046A63A /* Project object */;
}
